// !$*UTF8*$!
{
	archiveVersion = 1;
	classes = {
	};
	objectVersion = 50;
	objects = {

/* Begin PBXBuildFile section */
		D0D56CB02227584D0043EC33 /* AppDelegate.swift in Sources */ = {isa = PBXBuildFile; fileRef = D0D56CAF2227584D0043EC33 /* AppDelegate.swift */; };
		D0D56CB22227584D0043EC33 /* ViewController.swift in Sources */ = {isa = PBXBuildFile; fileRef = D0D56CB12227584D0043EC33 /* ViewController.swift */; };
		D0D56CB52227584D0043EC33 /* Main.storyboard in Resources */ = {isa = PBXBuildFile; fileRef = D0D56CB32227584D0043EC33 /* Main.storyboard */; };
		D0D56CB72227584E0043EC33 /* Assets.xcassets in Resources */ = {isa = PBXBuildFile; fileRef = D0D56CB62227584E0043EC33 /* Assets.xcassets */; };
		D0D56CBA2227584E0043EC33 /* LaunchScreen.storyboard in Resources */ = {isa = PBXBuildFile; fileRef = D0D56CB82227584E0043EC33 /* LaunchScreen.storyboard */; };
		D0D56CC52227584E0043EC33 /* MagicShellTests.swift in Sources */ = {isa = PBXBuildFile; fileRef = D0D56CC42227584E0043EC33 /* MagicShellTests.swift */; };
/* End PBXBuildFile section */

/* Begin PBXContainerItemProxy section */
		D0D56CC12227584E0043EC33 /* PBXContainerItemProxy */ = {
			isa = PBXContainerItemProxy;
			containerPortal = D0D56CA42227584D0043EC33 /* Project object */;
			proxyType = 1;
			remoteGlobalIDString = D0D56CAB2227584D0043EC33;
			remoteInfo = MagicShell;
		};
/* End PBXContainerItemProxy section */

/* Begin PBXFileReference section */
		D0D56CAC2227584D0043EC33 /* MagicShell.app */ = {isa = PBXFileReference; explicitFileType = wrapper.application; includeInIndex = 0; path = MagicShell.app; sourceTree = BUILT_PRODUCTS_DIR; };
		D0D56CAF2227584D0043EC33 /* AppDelegate.swift */ = {isa = PBXFileReference; lastKnownFileType = sourcecode.swift; path = AppDelegate.swift; sourceTree = "<group>"; };
		D0D56CB12227584D0043EC33 /* ViewController.swift */ = {isa = PBXFileReference; lastKnownFileType = sourcecode.swift; path = ViewController.swift; sourceTree = "<group>"; };
		D0D56CB42227584D0043EC33 /* Base */ = {isa = PBXFileReference; lastKnownFileType = file.storyboard; name = Base; path = Base.lproj/Main.storyboard; sourceTree = "<group>"; };
		D0D56CB62227584E0043EC33 /* Assets.xcassets */ = {isa = PBXFileReference; lastKnownFileType = folder.assetcatalog; path = Assets.xcassets; sourceTree = "<group>"; };
		D0D56CB92227584E0043EC33 /* Base */ = {isa = PBXFileReference; lastKnownFileType = file.storyboard; name = Base; path = Base.lproj/LaunchScreen.storyboard; sourceTree = "<group>"; };
		D0D56CBB2227584E0043EC33 /* Info.plist */ = {isa = PBXFileReference; lastKnownFileType = text.plist.xml; path = Info.plist; sourceTree = "<group>"; };
		D0D56CC02227584E0043EC33 /* MagicShellTests.xctest */ = {isa = PBXFileReference; explicitFileType = wrapper.cfbundle; includeInIndex = 0; path = MagicShellTests.xctest; sourceTree = BUILT_PRODUCTS_DIR; };
		D0D56CC42227584E0043EC33 /* MagicShellTests.swift */ = {isa = PBXFileReference; lastKnownFileType = sourcecode.swift; path = MagicShellTests.swift; sourceTree = "<group>"; };
		D0D56CC62227584E0043EC33 /* Info.plist */ = {isa = PBXFileReference; lastKnownFileType = text.plist.xml; path = Info.plist; sourceTree = "<group>"; };
/* End PBXFileReference section */

/* Begin PBXFrameworksBuildPhase section */
		D0D56CA92227584D0043EC33 /* Frameworks */ = {
			isa = PBXFrameworksBuildPhase;
			buildActionMask = 2147483647;
			files = (
			);
			runOnlyForDeploymentPostprocessing = 0;
		};
		D0D56CBD2227584E0043EC33 /* Frameworks */ = {
			isa = PBXFrameworksBuildPhase;
			buildActionMask = 2147483647;
			files = (
			);
			runOnlyForDeploymentPostprocessing = 0;
		};
/* End PBXFrameworksBuildPhase section */

/* Begin PBXGroup section */
		D0D56CA32227584D0043EC33 = {
			isa = PBXGroup;
			children = (
				D0D56CAE2227584D0043EC33 /* MagicShell */,
				D0D56CC32227584E0043EC33 /* MagicShellTests */,
				D0D56CAD2227584D0043EC33 /* Products */,
			);
			sourceTree = "<group>";
		};
		D0D56CAD2227584D0043EC33 /* Products */ = {
			isa = PBXGroup;
			children = (
				D0D56CAC2227584D0043EC33 /* MagicShell.app */,
				D0D56CC02227584E0043EC33 /* MagicShellTests.xctest */,
			);
			name = Products;
			sourceTree = "<group>";
		};
		D0D56CAE2227584D0043EC33 /* MagicShell */ = {
			isa = PBXGroup;
			children = (
				D0D56CAF2227584D0043EC33 /* AppDelegate.swift */,
				D0D56CB12227584D0043EC33 /* ViewController.swift */,
				D0D56CB32227584D0043EC33 /* Main.storyboard */,
				D0D56CB62227584E0043EC33 /* Assets.xcassets */,
				D0D56CB82227584E0043EC33 /* LaunchScreen.storyboard */,
				D0D56CBB2227584E0043EC33 /* Info.plist */,
			);
			path = MagicShell;
			sourceTree = "<group>";
		};
		D0D56CC32227584E0043EC33 /* MagicShellTests */ = {
			isa = PBXGroup;
			children = (
				D0D56CC42227584E0043EC33 /* MagicShellTests.swift */,
				D0D56CC62227584E0043EC33 /* Info.plist */,
			);
			path = MagicShellTests;
			sourceTree = "<group>";
		};
/* End PBXGroup section */

/* Begin PBXNativeTarget section */
		D0D56CAB2227584D0043EC33 /* MagicShell */ = {
			isa = PBXNativeTarget;
			buildConfigurationList = D0D56CC92227584E0043EC33 /* Build configuration list for PBXNativeTarget "MagicShell" */;
			buildPhases = (
				D0D56CA82227584D0043EC33 /* Sources */,
				D0D56CA92227584D0043EC33 /* Frameworks */,
				D0D56CAA2227584D0043EC33 /* Resources */,
			);
			buildRules = (
			);
			dependencies = (
			);
			name = MagicShell;
			productName = MagicShell;
			productReference = D0D56CAC2227584D0043EC33 /* MagicShell.app */;
			productType = "com.apple.product-type.application";
		};
		D0D56CBF2227584E0043EC33 /* MagicShellTests */ = {
			isa = PBXNativeTarget;
			buildConfigurationList = D0D56CCC2227584E0043EC33 /* Build configuration list for PBXNativeTarget "MagicShellTests" */;
			buildPhases = (
				D0D56CBC2227584E0043EC33 /* Sources */,
				D0D56CBD2227584E0043EC33 /* Frameworks */,
				D0D56CBE2227584E0043EC33 /* Resources */,
			);
			buildRules = (
			);
			dependencies = (
				D0D56CC22227584E0043EC33 /* PBXTargetDependency */,
			);
			name = MagicShellTests;
			productName = MagicShellTests;
			productReference = D0D56CC02227584E0043EC33 /* MagicShellTests.xctest */;
			productType = "com.apple.product-type.bundle.unit-test";
		};
/* End PBXNativeTarget section */

/* Begin PBXProject section */
		D0D56CA42227584D0043EC33 /* Project object */ = {
			isa = PBXProject;
			attributes = {
				LastSwiftUpdateCheck = 1010;
				LastUpgradeCheck = 1010;
				ORGANIZATIONNAME = xProject;
				TargetAttributes = {
					D0D56CAB2227584D0043EC33 = {
						CreatedOnToolsVersion = 10.1;
					};
					D0D56CBF2227584E0043EC33 = {
						CreatedOnToolsVersion = 10.1;
						TestTargetID = D0D56CAB2227584D0043EC33;
					};
				};
			};
			buildConfigurationList = D0D56CA72227584D0043EC33 /* Build configuration list for PBXProject "MagicShell" */;
			compatibilityVersion = "Xcode 9.3";
			developmentRegion = en;
			hasScannedForEncodings = 0;
			knownRegions = (
				en,
				Base,
			);
			mainGroup = D0D56CA32227584D0043EC33;
			productRefGroup = D0D56CAD2227584D0043EC33 /* Products */;
			projectDirPath = "";
			projectRoot = "";
			targets = (
				D0D56CAB2227584D0043EC33 /* MagicShell */,
				D0D56CBF2227584E0043EC33 /* MagicShellTests */,
			);
		};
/* End PBXProject section */

/* Begin PBXResourcesBuildPhase section */
		D0D56CAA2227584D0043EC33 /* Resources */ = {
			isa = PBXResourcesBuildPhase;
			buildActionMask = 2147483647;
			files = (
				D0D56CBA2227584E0043EC33 /* LaunchScreen.storyboard in Resources */,
				D0D56CB72227584E0043EC33 /* Assets.xcassets in Resources */,
				D0D56CB52227584D0043EC33 /* Main.storyboard in Resources */,
			);
			runOnlyForDeploymentPostprocessing = 0;
		};
		D0D56CBE2227584E0043EC33 /* Resources */ = {
			isa = PBXResourcesBuildPhase;
			buildActionMask = 2147483647;
			files = (
			);
			runOnlyForDeploymentPostprocessing = 0;
		};
/* End PBXResourcesBuildPhase section */

/* Begin PBXSourcesBuildPhase section */
		D0D56CA82227584D0043EC33 /* Sources */ = {
			isa = PBXSourcesBuildPhase;
			buildActionMask = 2147483647;
			files = (
				D0D56CB22227584D0043EC33 /* ViewController.swift in Sources */,
				D0D56CB02227584D0043EC33 /* AppDelegate.swift in Sources */,
			);
			runOnlyForDeploymentPostprocessing = 0;
		};
		D0D56CBC2227584E0043EC33 /* Sources */ = {
			isa = PBXSourcesBuildPhase;
			buildActionMask = 2147483647;
			files = (
				D0D56CC52227584E0043EC33 /* MagicShellTests.swift in Sources */,
			);
			runOnlyForDeploymentPostprocessing = 0;
		};
/* End PBXSourcesBuildPhase section */

/* Begin PBXTargetDependency section */
		D0D56CC22227584E0043EC33 /* PBXTargetDependency */ = {
			isa = PBXTargetDependency;
			target = D0D56CAB2227584D0043EC33 /* MagicShell */;
			targetProxy = D0D56CC12227584E0043EC33 /* PBXContainerItemProxy */;
		};
/* End PBXTargetDependency section */

/* Begin PBXVariantGroup section */
		D0D56CB32227584D0043EC33 /* Main.storyboard */ = {
			isa = PBXVariantGroup;
			children = (
				D0D56CB42227584D0043EC33 /* Base */,
			);
			name = Main.storyboard;
			sourceTree = "<group>";
		};
		D0D56CB82227584E0043EC33 /* LaunchScreen.storyboard */ = {
			isa = PBXVariantGroup;
			children = (
				D0D56CB92227584E0043EC33 /* Base */,
			);
			name = LaunchScreen.storyboard;
			sourceTree = "<group>";
		};
/* End PBXVariantGroup section */

/* Begin XCBuildConfiguration section */
		D0D56CC72227584E0043EC33 /* Debug */ = {
			isa = XCBuildConfiguration;
			buildSettings = {
				ALWAYS_SEARCH_USER_PATHS = NO;
				CLANG_ANALYZER_NONNULL = YES;
				CLANG_ANALYZER_NUMBER_OBJECT_CONVERSION = YES_AGGRESSIVE;
				CLANG_CXX_LANGUAGE_STANDARD = "gnu++14";
				CLANG_CXX_LIBRARY = "libc++";
				CLANG_ENABLE_MODULES = YES;
				CLANG_ENABLE_OBJC_ARC = YES;
				CLANG_ENABLE_OBJC_WEAK = YES;
				CLANG_WARN_BLOCK_CAPTURE_AUTORELEASING = YES;
				CLANG_WARN_BOOL_CONVERSION = YES;
				CLANG_WARN_COMMA = YES;
				CLANG_WARN_CONSTANT_CONVERSION = YES;
				CLANG_WARN_DEPRECATED_OBJC_IMPLEMENTATIONS = YES;
				CLANG_WARN_DIRECT_OBJC_ISA_USAGE = YES_ERROR;
				CLANG_WARN_DOCUMENTATION_COMMENTS = YES;
				CLANG_WARN_EMPTY_BODY = YES;
				CLANG_WARN_ENUM_CONVERSION = YES;
				CLANG_WARN_INFINITE_RECURSION = YES;
				CLANG_WARN_INT_CONVERSION = YES;
				CLANG_WARN_NON_LITERAL_NULL_CONVERSION = YES;
				CLANG_WARN_OBJC_IMPLICIT_RETAIN_SELF = YES;
				CLANG_WARN_OBJC_LITERAL_CONVERSION = YES;
				CLANG_WARN_OBJC_ROOT_CLASS = YES_ERROR;
				CLANG_WARN_RANGE_LOOP_ANALYSIS = YES;
				CLANG_WARN_STRICT_PROTOTYPES = YES;
				CLANG_WARN_SUSPICIOUS_MOVE = YES;
				CLANG_WARN_UNGUARDED_AVAILABILITY = YES_AGGRESSIVE;
				CLANG_WARN_UNREACHABLE_CODE = YES;
				CLANG_WARN__DUPLICATE_METHOD_MATCH = YES;
				CODE_SIGN_IDENTITY = "iPhone Developer";
				COPY_PHASE_STRIP = NO;
				DEBUG_INFORMATION_FORMAT = dwarf;
				ENABLE_STRICT_OBJC_MSGSEND = YES;
				ENABLE_TESTABILITY = YES;
				GCC_C_LANGUAGE_STANDARD = gnu11;
				GCC_DYNAMIC_NO_PIC = NO;
				GCC_NO_COMMON_BLOCKS = YES;
				GCC_OPTIMIZATION_LEVEL = 0;
				GCC_PREPROCESSOR_DEFINITIONS = (
					"DEBUG=1",
					"$(inherited)",
				);
				GCC_WARN_64_TO_32_BIT_CONVERSION = YES;
				GCC_WARN_ABOUT_RETURN_TYPE = YES_ERROR;
				GCC_WARN_UNDECLARED_SELECTOR = YES;
				GCC_WARN_UNINITIALIZED_AUTOS = YES_AGGRESSIVE;
				GCC_WARN_UNUSED_FUNCTION = YES;
				GCC_WARN_UNUSED_VARIABLE = YES;
				IPHONEOS_DEPLOYMENT_TARGET = 12.1;
				MTL_ENABLE_DEBUG_INFO = INCLUDE_SOURCE;
				MTL_FAST_MATH = YES;
				ONLY_ACTIVE_ARCH = YES;
				SDKROOT = iphoneos;
				SWIFT_ACTIVE_COMPILATION_CONDITIONS = DEBUG;
				SWIFT_OPTIMIZATION_LEVEL = "-Onone";
			};
			name = Debug;
		};
		D0D56CC82227584E0043EC33 /* Release */ = {
			isa = XCBuildConfiguration;
			buildSettings = {
				ALWAYS_SEARCH_USER_PATHS = NO;
				CLANG_ANALYZER_NONNULL = YES;
				CLANG_ANALYZER_NUMBER_OBJECT_CONVERSION = YES_AGGRESSIVE;
				CLANG_CXX_LANGUAGE_STANDARD = "gnu++14";
				CLANG_CXX_LIBRARY = "libc++";
				CLANG_ENABLE_MODULES = YES;
				CLANG_ENABLE_OBJC_ARC = YES;
				CLANG_ENABLE_OBJC_WEAK = YES;
				CLANG_WARN_BLOCK_CAPTURE_AUTORELEASING = YES;
				CLANG_WARN_BOOL_CONVERSION = YES;
				CLANG_WARN_COMMA = YES;
				CLANG_WARN_CONSTANT_CONVERSION = YES;
				CLANG_WARN_DEPRECATED_OBJC_IMPLEMENTATIONS = YES;
				CLANG_WARN_DIRECT_OBJC_ISA_USAGE = YES_ERROR;
				CLANG_WARN_DOCUMENTATION_COMMENTS = YES;
				CLANG_WARN_EMPTY_BODY = YES;
				CLANG_WARN_ENUM_CONVERSION = YES;
				CLANG_WARN_INFINITE_RECURSION = YES;
				CLANG_WARN_INT_CONVERSION = YES;
				CLANG_WARN_NON_LITERAL_NULL_CONVERSION = YES;
				CLANG_WARN_OBJC_IMPLICIT_RETAIN_SELF = YES;
				CLANG_WARN_OBJC_LITERAL_CONVERSION = YES;
				CLANG_WARN_OBJC_ROOT_CLASS = YES_ERROR;
				CLANG_WARN_RANGE_LOOP_ANALYSIS = YES;
				CLANG_WARN_STRICT_PROTOTYPES = YES;
				CLANG_WARN_SUSPICIOUS_MOVE = YES;
				CLANG_WARN_UNGUARDED_AVAILABILITY = YES_AGGRESSIVE;
				CLANG_WARN_UNREACHABLE_CODE = YES;
				CLANG_WARN__DUPLICATE_METHOD_MATCH = YES;
				CODE_SIGN_IDENTITY = "iPhone Developer";
				COPY_PHASE_STRIP = NO;
				DEBUG_INFORMATION_FORMAT = "dwarf-with-dsym";
				ENABLE_NS_ASSERTIONS = NO;
				ENABLE_STRICT_OBJC_MSGSEND = YES;
				GCC_C_LANGUAGE_STANDARD = gnu11;
				GCC_NO_COMMON_BLOCKS = YES;
				GCC_WARN_64_TO_32_BIT_CONVERSION = YES;
				GCC_WARN_ABOUT_RETURN_TYPE = YES_ERROR;
				GCC_WARN_UNDECLARED_SELECTOR = YES;
				GCC_WARN_UNINITIALIZED_AUTOS = YES_AGGRESSIVE;
				GCC_WARN_UNUSED_FUNCTION = YES;
				GCC_WARN_UNUSED_VARIABLE = YES;
				IPHONEOS_DEPLOYMENT_TARGET = 12.1;
				MTL_ENABLE_DEBUG_INFO = NO;
				MTL_FAST_MATH = YES;
				SDKROOT = iphoneos;
				SWIFT_COMPILATION_MODE = wholemodule;
				SWIFT_OPTIMIZATION_LEVEL = "-O";
				VALIDATE_PRODUCT = YES;
			};
			name = Release;
		};
		D0D56CCA2227584E0043EC33 /* Debug */ = {
			isa = XCBuildConfiguration;
			buildSettings = {
				ASSETCATALOG_COMPILER_APPICON_NAME = AppIcon;
				CODE_SIGN_STYLE = Automatic;
				DEVELOPMENT_TEAM = DBD2357J7Z;
				INFOPLIST_FILE = MagicShell/Info.plist;
				LD_RUNPATH_SEARCH_PATHS = (
					"$(inherited)",
					"@executable_path/Frameworks",
				);
				PRODUCT_BUNDLE_IDENTIFIER = xProject.MagicShell;
				PRODUCT_NAME = "$(TARGET_NAME)";
				SWIFT_VERSION = 4.2;
				TARGETED_DEVICE_FAMILY = "1,2";
			};
			name = Debug;
		};
		D0D56CCB2227584E0043EC33 /* Release */ = {
			isa = XCBuildConfiguration;
			buildSettings = {
				ASSETCATALOG_COMPILER_APPICON_NAME = AppIcon;
				CODE_SIGN_STYLE = Automatic;
				DEVELOPMENT_TEAM = DBD2357J7Z;
				INFOPLIST_FILE = MagicShell/Info.plist;
				LD_RUNPATH_SEARCH_PATHS = (
					"$(inherited)",
					"@executable_path/Frameworks",
				);
				PRODUCT_BUNDLE_IDENTIFIER = xProject.MagicShell;
				PRODUCT_NAME = "$(TARGET_NAME)";
				SWIFT_VERSION = 4.2;
				TARGETED_DEVICE_FAMILY = "1,2";
			};
			name = Release;
		};
		D0D56CCD2227584E0043EC33 /* Debug */ = {
			isa = XCBuildConfiguration;
			buildSettings = {
				ALWAYS_EMBED_SWIFT_STANDARD_LIBRARIES = YES;
				BUNDLE_LOADER = "$(TEST_HOST)";
				CODE_SIGN_STYLE = Automatic;
				DEVELOPMENT_TEAM = DBD2357J7Z;
				INFOPLIST_FILE = MagicShellTests/Info.plist;
				LD_RUNPATH_SEARCH_PATHS = (
					"$(inherited)",
					"@executable_path/Frameworks",
					"@loader_path/Frameworks",
				);
				PRODUCT_BUNDLE_IDENTIFIER = xProject.MagicShellTests;
				PRODUCT_NAME = "$(TARGET_NAME)";
				SWIFT_VERSION = 4.2;
				TARGETED_DEVICE_FAMILY = "1,2";
				TEST_HOST = "$(BUILT_PRODUCTS_DIR)/MagicShell.app/MagicShell";
			};
			name = Debug;
		};
		D0D56CCE2227584E0043EC33 /* Release */ = {
			isa = XCBuildConfiguration;
			buildSettings = {
				ALWAYS_EMBED_SWIFT_STANDARD_LIBRARIES = YES;
				BUNDLE_LOADER = "$(TEST_HOST)";
				CODE_SIGN_STYLE = Automatic;
				DEVELOPMENT_TEAM = DBD2357J7Z;
				INFOPLIST_FILE = MagicShellTests/Info.plist;
				LD_RUNPATH_SEARCH_PATHS = (
					"$(inherited)",
					"@executable_path/Frameworks",
					"@loader_path/Frameworks",
				);
				PRODUCT_BUNDLE_IDENTIFIER = xProject.MagicShellTests;
				PRODUCT_NAME = "$(TARGET_NAME)";
				SWIFT_VERSION = 4.2;
				TARGETED_DEVICE_FAMILY = "1,2";
				TEST_HOST = "$(BUILT_PRODUCTS_DIR)/MagicShell.app/MagicShell";
			};
			name = Release;
		};
/* End XCBuildConfiguration section */

/* Begin XCConfigurationList section */
		D0D56CA72227584D0043EC33 /* Build configuration list for PBXProject "MagicShell" */ = {
			isa = XCConfigurationList;
			buildConfigurations = (
				D0D56CC72227584E0043EC33 /* Debug */,
				D0D56CC82227584E0043EC33 /* Release */,
			);
			defaultConfigurationIsVisible = 0;
			defaultConfigurationName = Release;
		};
		D0D56CC92227584E0043EC33 /* Build configuration list for PBXNativeTarget "MagicShell" */ = {
			isa = XCConfigurationList;
			buildConfigurations = (
				D0D56CCA2227584E0043EC33 /* Debug */,
				D0D56CCB2227584E0043EC33 /* Release */,
			);
			defaultConfigurationIsVisible = 0;
			defaultConfigurationName = Release;
		};
		D0D56CCC2227584E0043EC33 /* Build configuration list for PBXNativeTarget "MagicShellTests" */ = {
			isa = XCConfigurationList;
			buildConfigurations = (
				D0D56CCD2227584E0043EC33 /* Debug */,
				D0D56CCE2227584E0043EC33 /* Release */,
			);
			defaultConfigurationIsVisible = 0;
			defaultConfigurationName = Release;
		};
/* End XCConfigurationList section */
	};
	rootObject = D0D56CA42227584D0043EC33 /* Project object */;
}
